// !$*UTF8*$!
{
	archiveVersion = 1;
	classes = {
	};
	objectVersion = 56;
	objects = {

/* Begin PBXBuildFile section */
		368051322C5AC89900EE0745 /* AppDelegate.swift in Sources */ = {isa = PBXBuildFile; fileRef = 368051312C5AC89900EE0745 /* AppDelegate.swift */; };
		368051342C5AC89900EE0745 /* SceneDelegate.swift in Sources */ = {isa = PBXBuildFile; fileRef = 368051332C5AC89900EE0745 /* SceneDelegate.swift */; };
		368051362C5AC89900EE0745 /* ViewController.swift in Sources */ = {isa = PBXBuildFile; fileRef = 368051352C5AC89900EE0745 /* ViewController.swift */; };
		368051392C5AC89900EE0745 /* Base in Resources */ = {isa = PBXBuildFile; fileRef = 368051382C5AC89900EE0745 /* Base */; };
		3680513B2C5AC8AC00EE0745 /* Assets.xcassets in Resources */ = {isa = PBXBuildFile; fileRef = 3680513A2C5AC8AC00EE0745 /* Assets.xcassets */; };
		3680513E2C5AC8AC00EE0745 /* Base in Resources */ = {isa = PBXBuildFile; fileRef = 3680513D2C5AC8AC00EE0745 /* Base */; };
		3680515A2C6EC60F00EE0745 /* GoogleService-Info.plist in Resources */ = {isa = PBXBuildFile; fileRef = 368051592C6EC60F00EE0745 /* GoogleService-Info.plist */; };
		3680515D2C6F702900EE0745 /* PlaceController.swift in Sources */ = {isa = PBXBuildFile; fileRef = 3680515C2C6F702900EE0745 /* PlaceController.swift */; };
		3680515F2C6F77DE00EE0745 /* FirebaseAuth in Frameworks */ = {isa = PBXBuildFile; productRef = 3680515E2C6F77DE00EE0745 /* FirebaseAuth */; };
		368051612C6F77DE00EE0745 /* FirebaseDatabase in Frameworks */ = {isa = PBXBuildFile; productRef = 368051602C6F77DE00EE0745 /* FirebaseDatabase */; };
		368051632C6F77DE00EE0745 /* FirebaseStorage in Frameworks */ = {isa = PBXBuildFile; productRef = 368051622C6F77DE00EE0745 /* FirebaseStorage */; };
		368051672C713AC000EE0745 /* Place.swift in Sources */ = {isa = PBXBuildFile; fileRef = 368051662C713AC000EE0745 /* Place.swift */; };
		36B369442C72A29900D10870 /* ConnexionController.swift in Sources */ = {isa = PBXBuildFile; fileRef = 36B369432C72A29900D10870 /* ConnexionController.swift */; };
		36B369462C72B49500D10870 /* FavoriesController.swift in Sources */ = {isa = PBXBuildFile; fileRef = 36B369452C72B49500D10870 /* FavoriesController.swift */; };
		B10C27B02C6F7C6800965BCC /* Main.storyboard in Resources */ = {isa = PBXBuildFile; fileRef = 368051372C5AC89900EE0745 /* Main.storyboard */; };
		B10C27B12C6F7C7D00965BCC /* LaunchScreen.storyboard in Resources */ = {isa = PBXBuildFile; fileRef = 3680513C2C5AC8AC00EE0745 /* LaunchScreen.storyboard */; };
		B10C27B32C6F7DED00965BCC /* AddController.swift in Sources */ = {isa = PBXBuildFile; fileRef = B10C27B22C6F7DED00965BCC /* AddController.swift */; };
		B10C27B62C6F81FD00965BCC /* UIImageVIew+LoadImage.swift in Sources */ = {isa = PBXBuildFile; fileRef = B10C27B52C6F81FD00965BCC /* UIImageVIew+LoadImage.swift */; };
		B10C27B92C6F837200965BCC /* PlaceTableViewCell.xib in Resources */ = {isa = PBXBuildFile; fileRef = B10C27B82C6F837200965BCC /* PlaceTableViewCell.xib */; };
		B10C27BA2C6F837200965BCC /* PlaceTableViewCell.swift in Sources */ = {isa = PBXBuildFile; fileRef = B10C27B72C6F837200965BCC /* PlaceTableViewCell.swift */; };
/* End PBXBuildFile section */

/* Begin PBXFileReference section */
		3680512E2C5AC89900EE0745 /* FunPlaces2.app */ = {isa = PBXFileReference; explicitFileType = wrapper.application; includeInIndex = 0; path = FunPlaces2.app; sourceTree = BUILT_PRODUCTS_DIR; };
		368051312C5AC89900EE0745 /* AppDelegate.swift */ = {isa = PBXFileReference; lastKnownFileType = sourcecode.swift; path = AppDelegate.swift; sourceTree = "<group>"; };
		368051332C5AC89900EE0745 /* SceneDelegate.swift */ = {isa = PBXFileReference; lastKnownFileType = sourcecode.swift; path = SceneDelegate.swift; sourceTree = "<group>"; };
		368051352C5AC89900EE0745 /* ViewController.swift */ = {isa = PBXFileReference; lastKnownFileType = sourcecode.swift; path = ViewController.swift; sourceTree = "<group>"; };
		368051382C5AC89900EE0745 /* Base */ = {isa = PBXFileReference; lastKnownFileType = file.storyboard; name = Base; path = Base.lproj/Main.storyboard; sourceTree = "<group>"; };
		3680513A2C5AC8AC00EE0745 /* Assets.xcassets */ = {isa = PBXFileReference; lastKnownFileType = folder.assetcatalog; path = Assets.xcassets; sourceTree = "<group>"; };
		3680513D2C5AC8AC00EE0745 /* Base */ = {isa = PBXFileReference; lastKnownFileType = file.storyboard; name = Base; path = Base.lproj/LaunchScreen.storyboard; sourceTree = "<group>"; };
		3680513F2C5AC8AC00EE0745 /* Info.plist */ = {isa = PBXFileReference; lastKnownFileType = text.plist.xml; path = Info.plist; sourceTree = "<group>"; };
		368051592C6EC60F00EE0745 /* GoogleService-Info.plist */ = {isa = PBXFileReference; fileEncoding = 4; lastKnownFileType = text.plist.xml; path = "GoogleService-Info.plist"; sourceTree = "<group>"; };
		3680515C2C6F702900EE0745 /* PlaceController.swift */ = {isa = PBXFileReference; lastKnownFileType = sourcecode.swift; path = PlaceController.swift; sourceTree = "<group>"; };
		368051662C713AC000EE0745 /* Place.swift */ = {isa = PBXFileReference; lastKnownFileType = sourcecode.swift; path = Place.swift; sourceTree = "<group>"; };
		36B369432C72A29900D10870 /* ConnexionController.swift */ = {isa = PBXFileReference; lastKnownFileType = sourcecode.swift; path = ConnexionController.swift; sourceTree = "<group>"; };
		36B369452C72B49500D10870 /* FavoriesController.swift */ = {isa = PBXFileReference; lastKnownFileType = sourcecode.swift; path = FavoriesController.swift; sourceTree = "<group>"; };
		B10C27B22C6F7DED00965BCC /* AddController.swift */ = {isa = PBXFileReference; fileEncoding = 4; lastKnownFileType = sourcecode.swift; path = AddController.swift; sourceTree = "<group>"; };
		B10C27B52C6F81FD00965BCC /* UIImageVIew+LoadImage.swift */ = {isa = PBXFileReference; lastKnownFileType = sourcecode.swift; path = "UIImageVIew+LoadImage.swift"; sourceTree = "<group>"; };
		B10C27B72C6F837200965BCC /* PlaceTableViewCell.swift */ = {isa = PBXFileReference; lastKnownFileType = sourcecode.swift; path = PlaceTableViewCell.swift; sourceTree = "<group>"; };
		B10C27B82C6F837200965BCC /* PlaceTableViewCell.xib */ = {isa = PBXFileReference; lastKnownFileType = file.xib; path = PlaceTableViewCell.xib; sourceTree = "<group>"; };
/* End PBXFileReference section */

/* Begin PBXFrameworksBuildPhase section */
		3680512B2C5AC89900EE0745 /* Frameworks */ = {
			isa = PBXFrameworksBuildPhase;
			buildActionMask = 2147483647;
			files = (
				368051612C6F77DE00EE0745 /* FirebaseDatabase in Frameworks */,
				3680515F2C6F77DE00EE0745 /* FirebaseAuth in Frameworks */,
				368051632C6F77DE00EE0745 /* FirebaseStorage in Frameworks */,
			);
			runOnlyForDeploymentPostprocessing = 0;
		};
/* End PBXFrameworksBuildPhase section */

/* Begin PBXGroup section */
		368051252C5AC89900EE0745 = {
			isa = PBXGroup;
			children = (
				368051302C5AC89900EE0745 /* FunPlaces2 */,
				3680512F2C5AC89900EE0745 /* Products */,
			);
			sourceTree = "<group>";
		};
		3680512F2C5AC89900EE0745 /* Products */ = {
			isa = PBXGroup;
			children = (
				3680512E2C5AC89900EE0745 /* FunPlaces2.app */,
			);
			name = Products;
			sourceTree = "<group>";
		};
		368051302C5AC89900EE0745 /* FunPlaces2 */ = {
			isa = PBXGroup;
			children = (
				B10C27B42C6F81DF00965BCC /* Extension */,
				B10C27B22C6F7DED00965BCC /* AddController.swift */,
				368051312C5AC89900EE0745 /* AppDelegate.swift */,
				368051332C5AC89900EE0745 /* SceneDelegate.swift */,
				368051352C5AC89900EE0745 /* ViewController.swift */,
				368051372C5AC89900EE0745 /* Main.storyboard */,
				36B369432C72A29900D10870 /* ConnexionController.swift */,
				36B369452C72B49500D10870 /* FavoriesController.swift */,
				368051662C713AC000EE0745 /* Place.swift */,
				3680515C2C6F702900EE0745 /* PlaceController.swift */,
				368051592C6EC60F00EE0745 /* GoogleService-Info.plist */,
				3680513A2C5AC8AC00EE0745 /* Assets.xcassets */,
				3680513C2C5AC8AC00EE0745 /* LaunchScreen.storyboard */,
				3680513F2C5AC8AC00EE0745 /* Info.plist */,
				B10C27B72C6F837200965BCC /* PlaceTableViewCell.swift */,
				B10C27B82C6F837200965BCC /* PlaceTableViewCell.xib */,
			);
			path = FunPlaces2;
			sourceTree = "<group>";
		};
		B10C27B42C6F81DF00965BCC /* Extension */ = {
			isa = PBXGroup;
			children = (
				B10C27B52C6F81FD00965BCC /* UIImageVIew+LoadImage.swift */,
			);
			path = Extension;
			sourceTree = "<group>";
		};
/* End PBXGroup section */

/* Begin PBXNativeTarget section */
		3680512D2C5AC89900EE0745 /* FunPlaces2 */ = {
			isa = PBXNativeTarget;
			buildConfigurationList = 368051422C5AC8AC00EE0745 /* Build configuration list for PBXNativeTarget "FunPlaces2" */;
			buildPhases = (
				3680512A2C5AC89900EE0745 /* Sources */,
				3680512B2C5AC89900EE0745 /* Frameworks */,
				3680512C2C5AC89900EE0745 /* Resources */,
			);
			buildRules = (
			);
			dependencies = (
			);
			name = FunPlaces2;
			packageProductDependencies = (
				3680515E2C6F77DE00EE0745 /* FirebaseAuth */,
				368051602C6F77DE00EE0745 /* FirebaseDatabase */,
				368051622C6F77DE00EE0745 /* FirebaseStorage */,
			);
			productName = FunPlaces2;
			productReference = 3680512E2C5AC89900EE0745 /* FunPlaces2.app */;
			productType = "com.apple.product-type.application";
		};
/* End PBXNativeTarget section */

/* Begin PBXProject section */
		368051262C5AC89900EE0745 /* Project object */ = {
			isa = PBXProject;
			attributes = {
				BuildIndependentTargetsInParallel = 1;
				LastSwiftUpdateCheck = 1540;
				LastUpgradeCheck = 1540;
				TargetAttributes = {
					3680512D2C5AC89900EE0745 = {
						CreatedOnToolsVersion = 15.4;
					};
				};
			};
			buildConfigurationList = 368051292C5AC89900EE0745 /* Build configuration list for PBXProject "FunPlaces2" */;
			compatibilityVersion = "Xcode 14.0";
			developmentRegion = en;
			hasScannedForEncodings = 0;
			knownRegions = (
				en,
				Base,
			);
			mainGroup = 368051252C5AC89900EE0745;
			packageReferences = (
				3680515B2C6EC91B00EE0745 /* XCRemoteSwiftPackageReference "firebase-ios-sdk" */,
			);
			productRefGroup = 3680512F2C5AC89900EE0745 /* Products */;
			projectDirPath = "";
			projectRoot = "";
			targets = (
				3680512D2C5AC89900EE0745 /* FunPlaces2 */,
			);
		};
/* End PBXProject section */

/* Begin PBXResourcesBuildPhase section */
		3680512C2C5AC89900EE0745 /* Resources */ = {
			isa = PBXResourcesBuildPhase;
			buildActionMask = 2147483647;
			files = (
				B10C27B92C6F837200965BCC /* PlaceTableViewCell.xib in Resources */,
				3680513B2C5AC8AC00EE0745 /* Assets.xcassets in Resources */,
				B10C27B02C6F7C6800965BCC /* Main.storyboard in Resources */,
				3680515A2C6EC60F00EE0745 /* GoogleService-Info.plist in Resources */,
				B10C27B12C6F7C7D00965BCC /* LaunchScreen.storyboard in Resources */,
				3680513E2C5AC8AC00EE0745 /* Base in Resources */,
				368051392C5AC89900EE0745 /* Base in Resources */,
			);
			runOnlyForDeploymentPostprocessing = 0;
		};
/* End PBXResourcesBuildPhase section */

/* Begin PBXSourcesBuildPhase section */
		3680512A2C5AC89900EE0745 /* Sources */ = {
			isa = PBXSourcesBuildPhase;
			buildActionMask = 2147483647;
			files = (
				B10C27B62C6F81FD00965BCC /* UIImageVIew+LoadImage.swift in Sources */,
				368051362C5AC89900EE0745 /* ViewController.swift in Sources */,
				36B369442C72A29900D10870 /* ConnexionController.swift in Sources */,
				368051322C5AC89900EE0745 /* AppDelegate.swift in Sources */,
				368051672C713AC000EE0745 /* Place.swift in Sources */,
				B10C27BA2C6F837200965BCC /* PlaceTableViewCell.swift in Sources */,
				36B369462C72B49500D10870 /* FavoriesController.swift in Sources */,
				368051342C5AC89900EE0745 /* SceneDelegate.swift in Sources */,
				B10C27B32C6F7DED00965BCC /* AddController.swift in Sources */,
				3680515D2C6F702900EE0745 /* PlaceController.swift in Sources */,
			);
			runOnlyForDeploymentPostprocessing = 0;
		};
/* End PBXSourcesBuildPhase section */

/* Begin PBXVariantGroup section */
		368051372C5AC89900EE0745 /* Main.storyboard */ = {
			isa = PBXVariantGroup;
			children = (
				368051382C5AC89900EE0745 /* Base */,
			);
			name = Main.storyboard;
			sourceTree = "<group>";
		};
		3680513C2C5AC8AC00EE0745 /* LaunchScreen.storyboard */ = {
			isa = PBXVariantGroup;
			children = (
				3680513D2C5AC8AC00EE0745 /* Base */,
			);
			name = LaunchScreen.storyboard;
			sourceTree = "<group>";
		};
/* End PBXVariantGroup section */

/* Begin XCBuildConfiguration section */
		368051402C5AC8AC00EE0745 /* Debug */ = {
			isa = XCBuildConfiguration;
			buildSettings = {
				ALWAYS_SEARCH_USER_PATHS = NO;
				ASSETCATALOG_COMPILER_GENERATE_SWIFT_ASSET_SYMBOL_EXTENSIONS = YES;
				CLANG_ANALYZER_NONNULL = YES;
				CLANG_ANALYZER_NUMBER_OBJECT_CONVERSION = YES_AGGRESSIVE;
				CLANG_CXX_LANGUAGE_STANDARD = "gnu++20";
				CLANG_ENABLE_MODULES = YES;
				CLANG_ENABLE_OBJC_ARC = YES;
				CLANG_ENABLE_OBJC_WEAK = YES;
				CLANG_WARN_BLOCK_CAPTURE_AUTORELEASING = YES;
				CLANG_WARN_BOOL_CONVERSION = YES;
				CLANG_WARN_COMMA = YES;
				CLANG_WARN_CONSTANT_CONVERSION = YES;
				CLANG_WARN_DEPRECATED_OBJC_IMPLEMENTATIONS = YES;
				CLANG_WARN_DIRECT_OBJC_ISA_USAGE = YES_ERROR;
				CLANG_WARN_DOCUMENTATION_COMMENTS = YES;
				CLANG_WARN_EMPTY_BODY = YES;
				CLANG_WARN_ENUM_CONVERSION = YES;
				CLANG_WARN_INFINITE_RECURSION = YES;
				CLANG_WARN_INT_CONVERSION = YES;
				CLANG_WARN_NON_LITERAL_NULL_CONVERSION = YES;
				CLANG_WARN_OBJC_IMPLICIT_RETAIN_SELF = YES;
				CLANG_WARN_OBJC_LITERAL_CONVERSION = YES;
				CLANG_WARN_OBJC_ROOT_CLASS = YES_ERROR;
				CLANG_WARN_QUOTED_INCLUDE_IN_FRAMEWORK_HEADER = YES;
				CLANG_WARN_RANGE_LOOP_ANALYSIS = YES;
				CLANG_WARN_STRICT_PROTOTYPES = YES;
				CLANG_WARN_SUSPICIOUS_MOVE = YES;
				CLANG_WARN_UNGUARDED_AVAILABILITY = YES_AGGRESSIVE;
				CLANG_WARN_UNREACHABLE_CODE = YES;
				CLANG_WARN__DUPLICATE_METHOD_MATCH = YES;
				COPY_PHASE_STRIP = NO;
				DEBUG_INFORMATION_FORMAT = dwarf;
				ENABLE_STRICT_OBJC_MSGSEND = YES;
				ENABLE_TESTABILITY = YES;
				ENABLE_USER_SCRIPT_SANDBOXING = YES;
				GCC_C_LANGUAGE_STANDARD = gnu17;
				GCC_DYNAMIC_NO_PIC = NO;
				GCC_NO_COMMON_BLOCKS = YES;
				GCC_OPTIMIZATION_LEVEL = 0;
				GCC_PREPROCESSOR_DEFINITIONS = (
					"DEBUG=1",
					"$(inherited)",
				);
				GCC_WARN_64_TO_32_BIT_CONVERSION = YES;
				GCC_WARN_ABOUT_RETURN_TYPE = YES_ERROR;
				GCC_WARN_UNDECLARED_SELECTOR = YES;
				GCC_WARN_UNINITIALIZED_AUTOS = YES_AGGRESSIVE;
				GCC_WARN_UNUSED_FUNCTION = YES;
				GCC_WARN_UNUSED_VARIABLE = YES;
				IPHONEOS_DEPLOYMENT_TARGET = 17.5;
				LOCALIZATION_PREFERS_STRING_CATALOGS = YES;
				MTL_ENABLE_DEBUG_INFO = INCLUDE_SOURCE;
				MTL_FAST_MATH = YES;
				ONLY_ACTIVE_ARCH = YES;
				SDKROOT = iphoneos;
				SWIFT_ACTIVE_COMPILATION_CONDITIONS = "DEBUG $(inherited)";
				SWIFT_OPTIMIZATION_LEVEL = "-Onone";
			};
			name = Debug;
		};
		368051412C5AC8AC00EE0745 /* Release */ = {
			isa = XCBuildConfiguration;
			buildSettings = {
				ALWAYS_SEARCH_USER_PATHS = NO;
				ASSETCATALOG_COMPILER_GENERATE_SWIFT_ASSET_SYMBOL_EXTENSIONS = YES;
				CLANG_ANALYZER_NONNULL = YES;
				CLANG_ANALYZER_NUMBER_OBJECT_CONVERSION = YES_AGGRESSIVE;
				CLANG_CXX_LANGUAGE_STANDARD = "gnu++20";
				CLANG_ENABLE_MODULES = YES;
				CLANG_ENABLE_OBJC_ARC = YES;
				CLANG_ENABLE_OBJC_WEAK = YES;
				CLANG_WARN_BLOCK_CAPTURE_AUTORELEASING = YES;
				CLANG_WARN_BOOL_CONVERSION = YES;
				CLANG_WARN_COMMA = YES;
				CLANG_WARN_CONSTANT_CONVERSION = YES;
				CLANG_WARN_DEPRECATED_OBJC_IMPLEMENTATIONS = YES;
				CLANG_WARN_DIRECT_OBJC_ISA_USAGE = YES_ERROR;
				CLANG_WARN_DOCUMENTATION_COMMENTS = YES;
				CLANG_WARN_EMPTY_BODY = YES;
				CLANG_WARN_ENUM_CONVERSION = YES;
				CLANG_WARN_INFINITE_RECURSION = YES;
				CLANG_WARN_INT_CONVERSION = YES;
				CLANG_WARN_NON_LITERAL_NULL_CONVERSION = YES;
				CLANG_WARN_OBJC_IMPLICIT_RETAIN_SELF = YES;
				CLANG_WARN_OBJC_LITERAL_CONVERSION = YES;
				CLANG_WARN_OBJC_ROOT_CLASS = YES_ERROR;
				CLANG_WARN_QUOTED_INCLUDE_IN_FRAMEWORK_HEADER = YES;
				CLANG_WARN_RANGE_LOOP_ANALYSIS = YES;
				CLANG_WARN_STRICT_PROTOTYPES = YES;
				CLANG_WARN_SUSPICIOUS_MOVE = YES;
				CLANG_WARN_UNGUARDED_AVAILABILITY = YES_AGGRESSIVE;
				CLANG_WARN_UNREACHABLE_CODE = YES;
				CLANG_WARN__DUPLICATE_METHOD_MATCH = YES;
				COPY_PHASE_STRIP = NO;
				DEBUG_INFORMATION_FORMAT = "dwarf-with-dsym";
				ENABLE_NS_ASSERTIONS = NO;
				ENABLE_STRICT_OBJC_MSGSEND = YES;
				ENABLE_USER_SCRIPT_SANDBOXING = YES;
				GCC_C_LANGUAGE_STANDARD = gnu17;
				GCC_NO_COMMON_BLOCKS = YES;
				GCC_WARN_64_TO_32_BIT_CONVERSION = YES;
				GCC_WARN_ABOUT_RETURN_TYPE = YES_ERROR;
				GCC_WARN_UNDECLARED_SELECTOR = YES;
				GCC_WARN_UNINITIALIZED_AUTOS = YES_AGGRESSIVE;
				GCC_WARN_UNUSED_FUNCTION = YES;
				GCC_WARN_UNUSED_VARIABLE = YES;
				IPHONEOS_DEPLOYMENT_TARGET = 17.5;
				LOCALIZATION_PREFERS_STRING_CATALOGS = YES;
				MTL_ENABLE_DEBUG_INFO = NO;
				MTL_FAST_MATH = YES;
				SDKROOT = iphoneos;
				SWIFT_COMPILATION_MODE = wholemodule;
				VALIDATE_PRODUCT = YES;
			};
			name = Release;
		};
		368051432C5AC8AC00EE0745 /* Debug */ = {
			isa = XCBuildConfiguration;
			buildSettings = {
				ASSETCATALOG_COMPILER_APPICON_NAME = AppIcon;
				ASSETCATALOG_COMPILER_GLOBAL_ACCENT_COLOR_NAME = AccentColor;
				CODE_SIGN_STYLE = Automatic;
				CURRENT_PROJECT_VERSION = 1;
				GENERATE_INFOPLIST_FILE = YES;
				INFOPLIST_FILE = FunPlaces2/Info.plist;
				INFOPLIST_KEY_UIApplicationSupportsIndirectInputEvents = YES;
				INFOPLIST_KEY_UILaunchStoryboardName = LaunchScreen;
				INFOPLIST_KEY_UIMainStoryboardFile = Main;
				INFOPLIST_KEY_UISupportedInterfaceOrientations_iPad = "UIInterfaceOrientationPortrait UIInterfaceOrientationPortraitUpsideDown UIInterfaceOrientationLandscapeLeft UIInterfaceOrientationLandscapeRight";
				INFOPLIST_KEY_UISupportedInterfaceOrientations_iPhone = "UIInterfaceOrientationPortrait UIInterfaceOrientationLandscapeLeft UIInterfaceOrientationLandscapeRight";
				LD_RUNPATH_SEARCH_PATHS = (
					"$(inherited)",
					"@executable_path/Frameworks",
				);
				MARKETING_VERSION = 1.0;
				PRODUCT_BUNDLE_IDENTIFIER = Odelia.FunPlaces2;
				PRODUCT_NAME = "$(TARGET_NAME)";
				SWIFT_EMIT_LOC_STRINGS = YES;
				SWIFT_VERSION = 5.0;
				TARGETED_DEVICE_FAMILY = "1,2";
			};
			name = Debug;
		};
		368051442C5AC8AC00EE0745 /* Release */ = {
			isa = XCBuildConfiguration;
			buildSettings = {
				ASSETCATALOG_COMPILER_APPICON_NAME = AppIcon;
				ASSETCATALOG_COMPILER_GLOBAL_ACCENT_COLOR_NAME = AccentColor;
				CODE_SIGN_STYLE = Automatic;
				CURRENT_PROJECT_VERSION = 1;
				GENERATE_INFOPLIST_FILE = YES;
				INFOPLIST_FILE = FunPlaces2/Info.plist;
				INFOPLIST_KEY_UIApplicationSupportsIndirectInputEvents = YES;
				INFOPLIST_KEY_UILaunchStoryboardName = LaunchScreen;
				INFOPLIST_KEY_UIMainStoryboardFile = Main;
				INFOPLIST_KEY_UISupportedInterfaceOrientations_iPad = "UIInterfaceOrientationPortrait UIInterfaceOrientationPortraitUpsideDown UIInterfaceOrientationLandscapeLeft UIInterfaceOrientationLandscapeRight";
				INFOPLIST_KEY_UISupportedInterfaceOrientations_iPhone = "UIInterfaceOrientationPortrait UIInterfaceOrientationLandscapeLeft UIInterfaceOrientationLandscapeRight";
				LD_RUNPATH_SEARCH_PATHS = (
					"$(inherited)",
					"@executable_path/Frameworks",
				);
				MARKETING_VERSION = 1.0;
				PRODUCT_BUNDLE_IDENTIFIER = Odelia.FunPlaces2;
				PRODUCT_NAME = "$(TARGET_NAME)";
				SWIFT_EMIT_LOC_STRINGS = YES;
				SWIFT_VERSION = 5.0;
				TARGETED_DEVICE_FAMILY = "1,2";
			};
			name = Release;
		};
/* End XCBuildConfiguration section */

/* Begin XCConfigurationList section */
		368051292C5AC89900EE0745 /* Build configuration list for PBXProject "FunPlaces2" */ = {
			isa = XCConfigurationList;
			buildConfigurations = (
				368051402C5AC8AC00EE0745 /* Debug */,
				368051412C5AC8AC00EE0745 /* Release */,
			);
			defaultConfigurationIsVisible = 0;
			defaultConfigurationName = Release;
		};
		368051422C5AC8AC00EE0745 /* Build configuration list for PBXNativeTarget "FunPlaces2" */ = {
			isa = XCConfigurationList;
			buildConfigurations = (
				368051432C5AC8AC00EE0745 /* Debug */,
				368051442C5AC8AC00EE0745 /* Release */,
			);
			defaultConfigurationIsVisible = 0;
			defaultConfigurationName = Release;
		};
/* End XCConfigurationList section */

/* Begin XCRemoteSwiftPackageReference section */
		3680515B2C6EC91B00EE0745 /* XCRemoteSwiftPackageReference "firebase-ios-sdk" */ = {
			isa = XCRemoteSwiftPackageReference;
			repositoryURL = "https://github.com/firebase/firebase-ios-sdk";
			requirement = {
				kind = upToNextMajorVersion;
				minimumVersion = 11.0.0;
			};
		};
/* End XCRemoteSwiftPackageReference section */

/* Begin XCSwiftPackageProductDependency section */
		3680515E2C6F77DE00EE0745 /* FirebaseAuth */ = {
			isa = XCSwiftPackageProductDependency;
			package = 3680515B2C6EC91B00EE0745 /* XCRemoteSwiftPackageReference "firebase-ios-sdk" */;
			productName = FirebaseAuth;
		};
		368051602C6F77DE00EE0745 /* FirebaseDatabase */ = {
			isa = XCSwiftPackageProductDependency;
			package = 3680515B2C6EC91B00EE0745 /* XCRemoteSwiftPackageReference "firebase-ios-sdk" */;
			productName = FirebaseDatabase;
		};
		368051622C6F77DE00EE0745 /* FirebaseStorage */ = {
			isa = XCSwiftPackageProductDependency;
			package = 3680515B2C6EC91B00EE0745 /* XCRemoteSwiftPackageReference "firebase-ios-sdk" */;
			productName = FirebaseStorage;
		};
/* End XCSwiftPackageProductDependency section */
	};
	rootObject = 368051262C5AC89900EE0745 /* Project object */;
}
